
Microsoft Visual Studio Solution File, Format Version 12.00
# Visual Studio Version 17
VisualStudioVersion = 17.13.35828.75 d17.13
MinimumVisualStudioVersion = 10.0.40219.1
Project("{FAE04EC0-301F-11D3-BF4B-00C04F79EFBC}") = "Exercicio3", "Exercicio3.csproj", "{3AF053DA-945D-42E2-9A6A-0E310EEE7968}"
EndProject
Global
	GlobalSection(SolutionConfigurationPlatforms) = preSolution
		Debug|Any CPU = Debug|Any CPU
		Release|Any CPU = Release|Any CPU
	EndGlobalSection
	GlobalSection(ProjectConfigurationPlatforms) = postSolution
		{3AF053DA-945D-42E2-9A6A-0E310EEE7968}.Debug|Any CPU.ActiveCfg = Debug|Any CPU
		{3AF053DA-945D-42E2-9A6A-0E310EEE7968}.Debug|Any CPU.Build.0 = Debug|Any CPU
		{3AF053DA-945D-42E2-9A6A-0E310EEE7968}.Release|Any CPU.ActiveCfg = Release|Any CPU
		{3AF053DA-945D-42E2-9A6A-0E310EEE7968}.Release|Any CPU.Build.0 = Release|Any CPU
	EndGlobalSection
	GlobalSection(SolutionProperties) = preSolution
		HideSolutionNode = FALSE
	EndGlobalSection
	GlobalSection(ExtensibilityGlobals) = postSolution
		SolutionGuid = {E4339356-035A-4E94-BA22-FF532B223C0B}
	EndGlobalSection
EndGlobal
